
Microsoft Visual Studio Solution File, Format Version 12.00
# Visual Studio 15
VisualStudioVersion = 15.0.28307.572
MinimumVisualStudioVersion = 10.0.40219.1
Project("{FAE04EC0-301F-11D3-BF4B-00C04F79EFBC}") = "CodecepJSTestProject", "CodecepJSTestProject\CodecepJSTestProject.csproj", "{FD6C16F7-B5B7-411C-8C1F-FDF6A452171C}"
EndProject
Project("{FAE04EC0-301F-11D3-BF4B-00C04F79EFBC}") = "TestConsoleApp", "TestConsoleApp\TestConsoleApp.csproj", "{B7DBB08E-4F36-4236-ADD5-A6739FE580C6}"
EndProject
Project("{FAE04EC0-301F-11D3-BF4B-00C04F79EFBC}") = "BaiTextFilterClassLibrary", "BaiTextFilterClassLibrary\BaiTextFilterClassLibrary.csproj", "{A4F883DC-AAB9-4C5A-9D18-FD3B6CF3BA2B}"
EndProject
Project("{FAE04EC0-301F-11D3-BF4B-00C04F79EFBC}") = "CodeceptSupport", "CodeceptSupport\CodeceptSupport.csproj", "{B8CE0356-D22E-4FC5-82AF-0B829012A3B6}"
EndProject
Project("{FAE04EC0-301F-11D3-BF4B-00C04F79EFBC}") = "DependencyClassLibrary", "DependencyClassLibrary\DependencyClassLibrary.csproj", "{471FD374-E710-43F2-A690-226B3A0D9A70}"
EndProject
Project("{FAE04EC0-301F-11D3-BF4B-00C04F79EFBC}") = "DevNoteCmd.Main", "DevNoteCmd.Main\DevNoteCmd.Main.csproj", "{FC4824ED-2CEF-4D1E-86A4-4F06D03558AA}"
EndProject
Project("{FAE04EC0-301F-11D3-BF4B-00C04F79EFBC}") = "PuppetSupportLib", "PuppeteerSupportLib\PuppetSupportLib.csproj", "{37FD6054-AECC-45B1-9014-7839BDD300BA}"
EndProject
Project("{2150E333-8FDC-42A3-9474-1A3956D46DE8}") = "REFERENCE", "REFERENCE", "{6B9D1608-D80A-45A9-A0CA-413574F3968E}"
EndProject
Project("{2150E333-8FDC-42A3-9474-1A3956D46DE8}") = "LIB", "LIB", "{0FF76596-5EBD-4888-854F-8477829882C4}"
EndProject
Global
	GlobalSection(SolutionConfigurationPlatforms) = preSolution
		Debug|Any CPU = Debug|Any CPU
		Release|Any CPU = Release|Any CPU
		TEST|Any CPU = TEST|Any CPU
	EndGlobalSection
	GlobalSection(ProjectConfigurationPlatforms) = postSolution
		{FD6C16F7-B5B7-411C-8C1F-FDF6A452171C}.Debug|Any CPU.ActiveCfg = Debug|Any CPU
		{FD6C16F7-B5B7-411C-8C1F-FDF6A452171C}.Debug|Any CPU.Build.0 = Debug|Any CPU
		{FD6C16F7-B5B7-411C-8C1F-FDF6A452171C}.Release|Any CPU.ActiveCfg = Release|Any CPU
		{FD6C16F7-B5B7-411C-8C1F-FDF6A452171C}.Release|Any CPU.Build.0 = Release|Any CPU
		{FD6C16F7-B5B7-411C-8C1F-FDF6A452171C}.TEST|Any CPU.ActiveCfg = Release|Any CPU
		{FD6C16F7-B5B7-411C-8C1F-FDF6A452171C}.TEST|Any CPU.Build.0 = Release|Any CPU
		{B7DBB08E-4F36-4236-ADD5-A6739FE580C6}.Debug|Any CPU.ActiveCfg = Debug|Any CPU
		{B7DBB08E-4F36-4236-ADD5-A6739FE580C6}.Debug|Any CPU.Build.0 = Debug|Any CPU
		{B7DBB08E-4F36-4236-ADD5-A6739FE580C6}.Release|Any CPU.ActiveCfg = Release|Any CPU
		{B7DBB08E-4F36-4236-ADD5-A6739FE580C6}.Release|Any CPU.Build.0 = Release|Any CPU
		{B7DBB08E-4F36-4236-ADD5-A6739FE580C6}.TEST|Any CPU.ActiveCfg = Release|Any CPU
		{B7DBB08E-4F36-4236-ADD5-A6739FE580C6}.TEST|Any CPU.Build.0 = Release|Any CPU
		{A4F883DC-AAB9-4C5A-9D18-FD3B6CF3BA2B}.Debug|Any CPU.ActiveCfg = Debug|Any CPU
		{A4F883DC-AAB9-4C5A-9D18-FD3B6CF3BA2B}.Debug|Any CPU.Build.0 = Debug|Any CPU
		{A4F883DC-AAB9-4C5A-9D18-FD3B6CF3BA2B}.Release|Any CPU.ActiveCfg = Release|Any CPU
		{A4F883DC-AAB9-4C5A-9D18-FD3B6CF3BA2B}.Release|Any CPU.Build.0 = Release|Any CPU
		{A4F883DC-AAB9-4C5A-9D18-FD3B6CF3BA2B}.TEST|Any CPU.ActiveCfg = TEST|Any CPU
		{A4F883DC-AAB9-4C5A-9D18-FD3B6CF3BA2B}.TEST|Any CPU.Build.0 = TEST|Any CPU
		{B8CE0356-D22E-4FC5-82AF-0B829012A3B6}.Debug|Any CPU.ActiveCfg = Debug|Any CPU
		{B8CE0356-D22E-4FC5-82AF-0B829012A3B6}.Debug|Any CPU.Build.0 = Debug|Any CPU
		{B8CE0356-D22E-4FC5-82AF-0B829012A3B6}.Release|Any CPU.ActiveCfg = Release|Any CPU
		{B8CE0356-D22E-4FC5-82AF-0B829012A3B6}.Release|Any CPU.Build.0 = Release|Any CPU
		{B8CE0356-D22E-4FC5-82AF-0B829012A3B6}.TEST|Any CPU.ActiveCfg = TEST|Any CPU
		{B8CE0356-D22E-4FC5-82AF-0B829012A3B6}.TEST|Any CPU.Build.0 = TEST|Any CPU
		{471FD374-E710-43F2-A690-226B3A0D9A70}.Debug|Any CPU.ActiveCfg = Debug|Any CPU
		{471FD374-E710-43F2-A690-226B3A0D9A70}.Debug|Any CPU.Build.0 = Debug|Any CPU
		{471FD374-E710-43F2-A690-226B3A0D9A70}.Release|Any CPU.ActiveCfg = Release|Any CPU
		{471FD374-E710-43F2-A690-226B3A0D9A70}.Release|Any CPU.Build.0 = Release|Any CPU
		{471FD374-E710-43F2-A690-226B3A0D9A70}.TEST|Any CPU.ActiveCfg = Release|Any CPU
		{471FD374-E710-43F2-A690-226B3A0D9A70}.TEST|Any CPU.Build.0 = Release|Any CPU
		{FC4824ED-2CEF-4D1E-86A4-4F06D03558AA}.Debug|Any CPU.ActiveCfg = Debug|Any CPU
		{FC4824ED-2CEF-4D1E-86A4-4F06D03558AA}.Debug|Any CPU.Build.0 = Debug|Any CPU
		{FC4824ED-2CEF-4D1E-86A4-4F06D03558AA}.Release|Any CPU.ActiveCfg = Release|Any CPU
		{FC4824ED-2CEF-4D1E-86A4-4F06D03558AA}.Release|Any CPU.Build.0 = Release|Any CPU
		{FC4824ED-2CEF-4D1E-86A4-4F06D03558AA}.TEST|Any CPU.ActiveCfg = Release|Any CPU
		{FC4824ED-2CEF-4D1E-86A4-4F06D03558AA}.TEST|Any CPU.Build.0 = Release|Any CPU
		{37FD6054-AECC-45B1-9014-7839BDD300BA}.Debug|Any CPU.ActiveCfg = Debug|Any CPU
		{37FD6054-AECC-45B1-9014-7839BDD300BA}.Debug|Any CPU.Build.0 = Debug|Any CPU
		{37FD6054-AECC-45B1-9014-7839BDD300BA}.Release|Any CPU.ActiveCfg = Release|Any CPU
		{37FD6054-AECC-45B1-9014-7839BDD300BA}.Release|Any CPU.Build.0 = Release|Any CPU
		{37FD6054-AECC-45B1-9014-7839BDD300BA}.TEST|Any CPU.ActiveCfg = TEST|Any CPU
		{37FD6054-AECC-45B1-9014-7839BDD300BA}.TEST|Any CPU.Build.0 = TEST|Any CPU
	EndGlobalSection
	GlobalSection(SolutionProperties) = preSolution
		HideSolutionNode = FALSE
	EndGlobalSection
	GlobalSection(NestedProjects) = preSolution
		{FD6C16F7-B5B7-411C-8C1F-FDF6A452171C} = {6B9D1608-D80A-45A9-A0CA-413574F3968E}
		{B7DBB08E-4F36-4236-ADD5-A6739FE580C6} = {6B9D1608-D80A-45A9-A0CA-413574F3968E}
		{A4F883DC-AAB9-4C5A-9D18-FD3B6CF3BA2B} = {0FF76596-5EBD-4888-854F-8477829882C4}
		{B8CE0356-D22E-4FC5-82AF-0B829012A3B6} = {0FF76596-5EBD-4888-854F-8477829882C4}
		{471FD374-E710-43F2-A690-226B3A0D9A70} = {6B9D1608-D80A-45A9-A0CA-413574F3968E}
		{37FD6054-AECC-45B1-9014-7839BDD300BA} = {0FF76596-5EBD-4888-854F-8477829882C4}
	EndGlobalSection
	GlobalSection(ExtensibilityGlobals) = postSolution
		SolutionGuid = {CB918ADC-8BB1-4A55-B6CB-78A63758F4AF}
	EndGlobalSection
EndGlobal
