
Microsoft Visual Studio Solution File, Format Version 12.00
# Visual Studio 15
VisualStudioVersion = 15.0.27428.2015
MinimumVisualStudioVersion = 10.0.40219.1
Project("{FAE04EC0-301F-11D3-BF4B-00C04F79EFBC}") = "PuppetSupportLib", "PuppeteerSupportLib\PuppetSupportLib.csproj", "{37FD6054-AECC-45B1-9014-7839BDD300BA}"
EndProject
Project("{2150E333-8FDC-42A3-9474-1A3956D46DE8}") = "Web", "Web", "{5945A6F1-58F3-40F0-B22A-77E9E5971E29}"
EndProject
Project("{FAE04EC0-301F-11D3-BF4B-00C04F79EFBC}") = "CodeceptSupport", "CodeceptSupport\CodeceptSupport.csproj", "{B8CE0356-D22E-4FC5-82AF-0B829012A3B6}"
EndProject
Project("{FAE04EC0-301F-11D3-BF4B-00C04F79EFBC}") = "DevNoteCmd.Main", "DevNoteCmd.Main\DevNoteCmd.Main.csproj", "{FC4824ED-2CEF-4D1E-86A4-4F06D03558AA}"
EndProject
Project("{FAE04EC0-301F-11D3-BF4B-00C04F79EFBC}") = "DependencyClassLibrary", "DependencyClassLibrary\DependencyClassLibrary.csproj", "{471FD374-E710-43F2-A690-226B3A0D9A70}"
EndProject
Project("{FAE04EC0-301F-11D3-BF4B-00C04F79EFBC}") = "BaiTextFilterClassLibrary", "BaiTextFilterClassLibrary\BaiTextFilterClassLibrary.csproj", "{A4F883DC-AAB9-4C5A-9D18-FD3B6CF3BA2B}"
EndProject
Global
	GlobalSection(SolutionConfigurationPlatforms) = preSolution
		Debug|Any CPU = Debug|Any CPU
		Debug|x64 = Debug|x64
		Debug|x86 = Debug|x86
		Release|Any CPU = Release|Any CPU
		Release|x64 = Release|x64
		Release|x86 = Release|x86
		TEST|Any CPU = TEST|Any CPU
		TEST|x64 = TEST|x64
		TEST|x86 = TEST|x86
	EndGlobalSection
	GlobalSection(ProjectConfigurationPlatforms) = postSolution
		{37FD6054-AECC-45B1-9014-7839BDD300BA}.Debug|Any CPU.ActiveCfg = Debug|Any CPU
		{37FD6054-AECC-45B1-9014-7839BDD300BA}.Debug|Any CPU.Build.0 = Debug|Any CPU
		{37FD6054-AECC-45B1-9014-7839BDD300BA}.Debug|x64.ActiveCfg = Debug|Any CPU
		{37FD6054-AECC-45B1-9014-7839BDD300BA}.Debug|x64.Build.0 = Debug|Any CPU
		{37FD6054-AECC-45B1-9014-7839BDD300BA}.Debug|x86.ActiveCfg = Debug|Any CPU
		{37FD6054-AECC-45B1-9014-7839BDD300BA}.Debug|x86.Build.0 = Debug|Any CPU
		{37FD6054-AECC-45B1-9014-7839BDD300BA}.Release|Any CPU.ActiveCfg = Release|Any CPU
		{37FD6054-AECC-45B1-9014-7839BDD300BA}.Release|Any CPU.Build.0 = Release|Any CPU
		{37FD6054-AECC-45B1-9014-7839BDD300BA}.Release|x64.ActiveCfg = Release|Any CPU
		{37FD6054-AECC-45B1-9014-7839BDD300BA}.Release|x64.Build.0 = Release|Any CPU
		{37FD6054-AECC-45B1-9014-7839BDD300BA}.Release|x86.ActiveCfg = Release|Any CPU
		{37FD6054-AECC-45B1-9014-7839BDD300BA}.Release|x86.Build.0 = Release|Any CPU
		{37FD6054-AECC-45B1-9014-7839BDD300BA}.TEST|Any CPU.ActiveCfg = TEST|Any CPU
		{37FD6054-AECC-45B1-9014-7839BDD300BA}.TEST|Any CPU.Build.0 = TEST|Any CPU
		{37FD6054-AECC-45B1-9014-7839BDD300BA}.TEST|x64.ActiveCfg = TEST|Any CPU
		{37FD6054-AECC-45B1-9014-7839BDD300BA}.TEST|x64.Build.0 = TEST|Any CPU
		{37FD6054-AECC-45B1-9014-7839BDD300BA}.TEST|x86.ActiveCfg = TEST|Any CPU
		{37FD6054-AECC-45B1-9014-7839BDD300BA}.TEST|x86.Build.0 = TEST|Any CPU
		{B8CE0356-D22E-4FC5-82AF-0B829012A3B6}.Debug|Any CPU.ActiveCfg = Debug|Any CPU
		{B8CE0356-D22E-4FC5-82AF-0B829012A3B6}.Debug|Any CPU.Build.0 = Debug|Any CPU
		{B8CE0356-D22E-4FC5-82AF-0B829012A3B6}.Debug|x64.ActiveCfg = Debug|Any CPU
		{B8CE0356-D22E-4FC5-82AF-0B829012A3B6}.Debug|x64.Build.0 = Debug|Any CPU
		{B8CE0356-D22E-4FC5-82AF-0B829012A3B6}.Debug|x86.ActiveCfg = Debug|Any CPU
		{B8CE0356-D22E-4FC5-82AF-0B829012A3B6}.Debug|x86.Build.0 = Debug|Any CPU
		{B8CE0356-D22E-4FC5-82AF-0B829012A3B6}.Release|Any CPU.ActiveCfg = Release|Any CPU
		{B8CE0356-D22E-4FC5-82AF-0B829012A3B6}.Release|Any CPU.Build.0 = Release|Any CPU
		{B8CE0356-D22E-4FC5-82AF-0B829012A3B6}.Release|x64.ActiveCfg = Release|Any CPU
		{B8CE0356-D22E-4FC5-82AF-0B829012A3B6}.Release|x64.Build.0 = Release|Any CPU
		{B8CE0356-D22E-4FC5-82AF-0B829012A3B6}.Release|x86.ActiveCfg = Release|Any CPU
		{B8CE0356-D22E-4FC5-82AF-0B829012A3B6}.Release|x86.Build.0 = Release|Any CPU
		{B8CE0356-D22E-4FC5-82AF-0B829012A3B6}.TEST|Any CPU.ActiveCfg = TEST|Any CPU
		{B8CE0356-D22E-4FC5-82AF-0B829012A3B6}.TEST|Any CPU.Build.0 = TEST|Any CPU
		{B8CE0356-D22E-4FC5-82AF-0B829012A3B6}.TEST|x64.ActiveCfg = TEST|Any CPU
		{B8CE0356-D22E-4FC5-82AF-0B829012A3B6}.TEST|x64.Build.0 = TEST|Any CPU
		{B8CE0356-D22E-4FC5-82AF-0B829012A3B6}.TEST|x86.ActiveCfg = TEST|Any CPU
		{B8CE0356-D22E-4FC5-82AF-0B829012A3B6}.TEST|x86.Build.0 = TEST|Any CPU
		{FC4824ED-2CEF-4D1E-86A4-4F06D03558AA}.Debug|Any CPU.ActiveCfg = Debug|Any CPU
		{FC4824ED-2CEF-4D1E-86A4-4F06D03558AA}.Debug|Any CPU.Build.0 = Debug|Any CPU
		{FC4824ED-2CEF-4D1E-86A4-4F06D03558AA}.Debug|x64.ActiveCfg = Debug|Any CPU
		{FC4824ED-2CEF-4D1E-86A4-4F06D03558AA}.Debug|x64.Build.0 = Debug|Any CPU
		{FC4824ED-2CEF-4D1E-86A4-4F06D03558AA}.Debug|x86.ActiveCfg = Debug|Any CPU
		{FC4824ED-2CEF-4D1E-86A4-4F06D03558AA}.Debug|x86.Build.0 = Debug|Any CPU
		{FC4824ED-2CEF-4D1E-86A4-4F06D03558AA}.Release|Any CPU.ActiveCfg = Release|Any CPU
		{FC4824ED-2CEF-4D1E-86A4-4F06D03558AA}.Release|Any CPU.Build.0 = Release|Any CPU
		{FC4824ED-2CEF-4D1E-86A4-4F06D03558AA}.Release|x64.ActiveCfg = Release|Any CPU
		{FC4824ED-2CEF-4D1E-86A4-4F06D03558AA}.Release|x64.Build.0 = Release|Any CPU
		{FC4824ED-2CEF-4D1E-86A4-4F06D03558AA}.Release|x86.ActiveCfg = Release|Any CPU
		{FC4824ED-2CEF-4D1E-86A4-4F06D03558AA}.Release|x86.Build.0 = Release|Any CPU
		{FC4824ED-2CEF-4D1E-86A4-4F06D03558AA}.TEST|Any CPU.ActiveCfg = Release|Any CPU
		{FC4824ED-2CEF-4D1E-86A4-4F06D03558AA}.TEST|Any CPU.Build.0 = Release|Any CPU
		{FC4824ED-2CEF-4D1E-86A4-4F06D03558AA}.TEST|x64.ActiveCfg = Release|Any CPU
		{FC4824ED-2CEF-4D1E-86A4-4F06D03558AA}.TEST|x64.Build.0 = Release|Any CPU
		{FC4824ED-2CEF-4D1E-86A4-4F06D03558AA}.TEST|x86.ActiveCfg = Release|Any CPU
		{FC4824ED-2CEF-4D1E-86A4-4F06D03558AA}.TEST|x86.Build.0 = Release|Any CPU
		{471FD374-E710-43F2-A690-226B3A0D9A70}.Debug|Any CPU.ActiveCfg = Debug|Any CPU
		{471FD374-E710-43F2-A690-226B3A0D9A70}.Debug|Any CPU.Build.0 = Debug|Any CPU
		{471FD374-E710-43F2-A690-226B3A0D9A70}.Debug|x64.ActiveCfg = Debug|Any CPU
		{471FD374-E710-43F2-A690-226B3A0D9A70}.Debug|x64.Build.0 = Debug|Any CPU
		{471FD374-E710-43F2-A690-226B3A0D9A70}.Debug|x86.ActiveCfg = Debug|Any CPU
		{471FD374-E710-43F2-A690-226B3A0D9A70}.Debug|x86.Build.0 = Debug|Any CPU
		{471FD374-E710-43F2-A690-226B3A0D9A70}.Release|Any CPU.ActiveCfg = Release|Any CPU
		{471FD374-E710-43F2-A690-226B3A0D9A70}.Release|Any CPU.Build.0 = Release|Any CPU
		{471FD374-E710-43F2-A690-226B3A0D9A70}.Release|x64.ActiveCfg = Release|Any CPU
		{471FD374-E710-43F2-A690-226B3A0D9A70}.Release|x64.Build.0 = Release|Any CPU
		{471FD374-E710-43F2-A690-226B3A0D9A70}.Release|x86.ActiveCfg = Release|Any CPU
		{471FD374-E710-43F2-A690-226B3A0D9A70}.Release|x86.Build.0 = Release|Any CPU
		{471FD374-E710-43F2-A690-226B3A0D9A70}.TEST|Any CPU.ActiveCfg = Release|Any CPU
		{471FD374-E710-43F2-A690-226B3A0D9A70}.TEST|Any CPU.Build.0 = Release|Any CPU
		{471FD374-E710-43F2-A690-226B3A0D9A70}.TEST|x64.ActiveCfg = Release|Any CPU
		{471FD374-E710-43F2-A690-226B3A0D9A70}.TEST|x64.Build.0 = Release|Any CPU
		{471FD374-E710-43F2-A690-226B3A0D9A70}.TEST|x86.ActiveCfg = Release|Any CPU
		{471FD374-E710-43F2-A690-226B3A0D9A70}.TEST|x86.Build.0 = Release|Any CPU
		{A4F883DC-AAB9-4C5A-9D18-FD3B6CF3BA2B}.Debug|Any CPU.ActiveCfg = Debug|Any CPU
		{A4F883DC-AAB9-4C5A-9D18-FD3B6CF3BA2B}.Debug|Any CPU.Build.0 = Debug|Any CPU
		{A4F883DC-AAB9-4C5A-9D18-FD3B6CF3BA2B}.Debug|x64.ActiveCfg = Debug|Any CPU
		{A4F883DC-AAB9-4C5A-9D18-FD3B6CF3BA2B}.Debug|x64.Build.0 = Debug|Any CPU
		{A4F883DC-AAB9-4C5A-9D18-FD3B6CF3BA2B}.Debug|x86.ActiveCfg = Debug|Any CPU
		{A4F883DC-AAB9-4C5A-9D18-FD3B6CF3BA2B}.Debug|x86.Build.0 = Debug|Any CPU
		{A4F883DC-AAB9-4C5A-9D18-FD3B6CF3BA2B}.Release|Any CPU.ActiveCfg = Release|Any CPU
		{A4F883DC-AAB9-4C5A-9D18-FD3B6CF3BA2B}.Release|Any CPU.Build.0 = Release|Any CPU
		{A4F883DC-AAB9-4C5A-9D18-FD3B6CF3BA2B}.Release|x64.ActiveCfg = Release|Any CPU
		{A4F883DC-AAB9-4C5A-9D18-FD3B6CF3BA2B}.Release|x64.Build.0 = Release|Any CPU
		{A4F883DC-AAB9-4C5A-9D18-FD3B6CF3BA2B}.Release|x86.ActiveCfg = Release|Any CPU
		{A4F883DC-AAB9-4C5A-9D18-FD3B6CF3BA2B}.Release|x86.Build.0 = Release|Any CPU
		{A4F883DC-AAB9-4C5A-9D18-FD3B6CF3BA2B}.TEST|Any CPU.ActiveCfg = TEST|Any CPU
		{A4F883DC-AAB9-4C5A-9D18-FD3B6CF3BA2B}.TEST|Any CPU.Build.0 = TEST|Any CPU
		{A4F883DC-AAB9-4C5A-9D18-FD3B6CF3BA2B}.TEST|x64.ActiveCfg = TEST|Any CPU
		{A4F883DC-AAB9-4C5A-9D18-FD3B6CF3BA2B}.TEST|x64.Build.0 = TEST|Any CPU
		{A4F883DC-AAB9-4C5A-9D18-FD3B6CF3BA2B}.TEST|x86.ActiveCfg = TEST|Any CPU
		{A4F883DC-AAB9-4C5A-9D18-FD3B6CF3BA2B}.TEST|x86.Build.0 = TEST|Any CPU
	EndGlobalSection
	GlobalSection(SolutionProperties) = preSolution
		HideSolutionNode = FALSE
	EndGlobalSection
	GlobalSection(NestedProjects) = preSolution
		{37FD6054-AECC-45B1-9014-7839BDD300BA} = {5945A6F1-58F3-40F0-B22A-77E9E5971E29}
		{B8CE0356-D22E-4FC5-82AF-0B829012A3B6} = {5945A6F1-58F3-40F0-B22A-77E9E5971E29}
		{A4F883DC-AAB9-4C5A-9D18-FD3B6CF3BA2B} = {5945A6F1-58F3-40F0-B22A-77E9E5971E29}
	EndGlobalSection
	GlobalSection(ExtensibilityGlobals) = postSolution
		SolutionGuid = {73790AF4-46BB-4CD6-8BC8-8E62FA60E675}
	EndGlobalSection
EndGlobal
